// !$*UTF8*$!
{
	archiveVersion = 1;
	classes = {
	};
	objectVersion = 50;
	objects = {

/* Begin PBXBuildFile section */
		7043551F2641B48000C5C5D6 /* InsetFactView.swift in Sources */ = {isa = PBXBuildFile; fileRef = 7043551E2641B48000C5C5D6 /* InsetFactView.swift */; };
		704355212641B9BE00C5C5D6 /* InsetMapView.swift in Sources */ = {isa = PBXBuildFile; fileRef = 704355202641B9BE00C5C5D6 /* InsetMapView.swift */; };
		704355232641BF6000C5C5D6 /* ExternalWeblinkView.swift in Sources */ = {isa = PBXBuildFile; fileRef = 704355222641BF6000C5C5D6 /* ExternalWeblinkView.swift */; };
		704840ED262CB6F000A7DC9B /* AfricaApp.swift in Sources */ = {isa = PBXBuildFile; fileRef = 704840EC262CB6F000A7DC9B /* AfricaApp.swift */; };
		704840EF262CB6F000A7DC9B /* ContentView.swift in Sources */ = {isa = PBXBuildFile; fileRef = 704840EE262CB6F000A7DC9B /* ContentView.swift */; };
		704840F1262CB6F200A7DC9B /* Assets.xcassets in Resources */ = {isa = PBXBuildFile; fileRef = 704840F0262CB6F200A7DC9B /* Assets.xcassets */; };
		704840F4262CB6F200A7DC9B /* Preview Assets.xcassets in Resources */ = {isa = PBXBuildFile; fileRef = 704840F3262CB6F200A7DC9B /* Preview Assets.xcassets */; };
		70484107262CB9AD00A7DC9B /* hippo.mp4 in Resources */ = {isa = PBXBuildFile; fileRef = 704840FD262CB9AB00A7DC9B /* hippo.mp4 */; };
		70484108262CB9AD00A7DC9B /* elephant.mp4 in Resources */ = {isa = PBXBuildFile; fileRef = 704840FE262CB9AC00A7DC9B /* elephant.mp4 */; };
		70484109262CB9AD00A7DC9B /* rhino.mp4 in Resources */ = {isa = PBXBuildFile; fileRef = 704840FF262CB9AC00A7DC9B /* rhino.mp4 */; };
		7048410A262CB9AD00A7DC9B /* ostrich.mp4 in Resources */ = {isa = PBXBuildFile; fileRef = 70484100262CB9AC00A7DC9B /* ostrich.mp4 */; };
		7048410B262CB9AD00A7DC9B /* giraffe.mp4 in Resources */ = {isa = PBXBuildFile; fileRef = 70484101262CB9AC00A7DC9B /* giraffe.mp4 */; };
		7048410C262CB9AD00A7DC9B /* cheetah.mp4 in Resources */ = {isa = PBXBuildFile; fileRef = 70484102262CB9AD00A7DC9B /* cheetah.mp4 */; };
		7048410D262CB9AD00A7DC9B /* zebra.mp4 in Resources */ = {isa = PBXBuildFile; fileRef = 70484103262CB9AD00A7DC9B /* zebra.mp4 */; };
		7048410E262CB9AD00A7DC9B /* lioness.mp4 in Resources */ = {isa = PBXBuildFile; fileRef = 70484104262CB9AD00A7DC9B /* lioness.mp4 */; };
		7048410F262CB9AD00A7DC9B /* lion.mp4 in Resources */ = {isa = PBXBuildFile; fileRef = 70484105262CB9AD00A7DC9B /* lion.mp4 */; };
		70484110262CB9AD00A7DC9B /* gorilla.mp4 in Resources */ = {isa = PBXBuildFile; fileRef = 70484106262CB9AD00A7DC9B /* gorilla.mp4 */; };
		70484117262CBA0600A7DC9B /* videos.json in Resources */ = {isa = PBXBuildFile; fileRef = 70484113262CBA0600A7DC9B /* videos.json */; };
		70484118262CBA0600A7DC9B /* locations.json in Resources */ = {isa = PBXBuildFile; fileRef = 70484114262CBA0600A7DC9B /* locations.json */; };
		70484119262CBA0600A7DC9B /* covers.json in Resources */ = {isa = PBXBuildFile; fileRef = 70484115262CBA0600A7DC9B /* covers.json */; };
		7048411A262CBA0600A7DC9B /* animals.json in Resources */ = {isa = PBXBuildFile; fileRef = 70484116262CBA0600A7DC9B /* animals.json */; };
		7048411F262CBDBC00A7DC9B /* VideoListView.swift in Sources */ = {isa = PBXBuildFile; fileRef = 7048411E262CBDBC00A7DC9B /* VideoListView.swift */; };
		70484122262CBDE800A7DC9B /* MapView.swift in Sources */ = {isa = PBXBuildFile; fileRef = 70484121262CBDE800A7DC9B /* MapView.swift */; };
		70484125262CBE0300A7DC9B /* GalleryView.swift in Sources */ = {isa = PBXBuildFile; fileRef = 70484124262CBE0300A7DC9B /* GalleryView.swift */; };
		70484128262CBE2600A7DC9B /* MainView.swift in Sources */ = {isa = PBXBuildFile; fileRef = 70484127262CBE2600A7DC9B /* MainView.swift */; };
		7069D55A2631FE3100A29D49 /* CoverImageView.swift in Sources */ = {isa = PBXBuildFile; fileRef = 7069D5592631FE3100A29D49 /* CoverImageView.swift */; };
		7069D55E2632025400A29D49 /* CoverImageModel.swift in Sources */ = {isa = PBXBuildFile; fileRef = 7069D55D2632025400A29D49 /* CoverImageModel.swift */; };
		7069D5622632187200A29D49 /* CodableBandleExtension.swift in Sources */ = {isa = PBXBuildFile; fileRef = 7069D5612632187200A29D49 /* CodableBandleExtension.swift */; };
		7069D5652635B46500A29D49 /* AnimalListItemView.swift in Sources */ = {isa = PBXBuildFile; fileRef = 7069D5642635B46500A29D49 /* AnimalListItemView.swift */; };
		7069D56C2635B6E800A29D49 /* AnimalModel.swift in Sources */ = {isa = PBXBuildFile; fileRef = 7069D56B2635B6E800A29D49 /* AnimalModel.swift */; };
		7069D56F2635F91F00A29D49 /* AnimalDetailView.swift in Sources */ = {isa = PBXBuildFile; fileRef = 7069D56E2635F91F00A29D49 /* AnimalDetailView.swift */; };
		7069D5722635FD4300A29D49 /* HeadingView.swift in Sources */ = {isa = PBXBuildFile; fileRef = 7069D5712635FD4300A29D49 /* HeadingView.swift */; };
		7069D5752635FF2600A29D49 /* InsetGalleryView.swift in Sources */ = {isa = PBXBuildFile; fileRef = 7069D5742635FF2600A29D49 /* InsetGalleryView.swift */; };
/* End PBXBuildFile section */

/* Begin PBXFileReference section */
		7043551E2641B48000C5C5D6 /* InsetFactView.swift */ = {isa = PBXFileReference; lastKnownFileType = sourcecode.swift; path = InsetFactView.swift; sourceTree = "<group>"; };
		704355202641B9BE00C5C5D6 /* InsetMapView.swift */ = {isa = PBXFileReference; lastKnownFileType = sourcecode.swift; path = InsetMapView.swift; sourceTree = "<group>"; };
		704355222641BF6000C5C5D6 /* ExternalWeblinkView.swift */ = {isa = PBXFileReference; lastKnownFileType = sourcecode.swift; path = ExternalWeblinkView.swift; sourceTree = "<group>"; };
		704840E9262CB6F000A7DC9B /* Africa.app */ = {isa = PBXFileReference; explicitFileType = wrapper.application; includeInIndex = 0; path = Africa.app; sourceTree = BUILT_PRODUCTS_DIR; };
		704840EC262CB6F000A7DC9B /* AfricaApp.swift */ = {isa = PBXFileReference; lastKnownFileType = sourcecode.swift; path = AfricaApp.swift; sourceTree = "<group>"; };
		704840EE262CB6F000A7DC9B /* ContentView.swift */ = {isa = PBXFileReference; lastKnownFileType = sourcecode.swift; path = ContentView.swift; sourceTree = "<group>"; };
		704840F0262CB6F200A7DC9B /* Assets.xcassets */ = {isa = PBXFileReference; lastKnownFileType = folder.assetcatalog; path = Assets.xcassets; sourceTree = "<group>"; };
		704840F3262CB6F200A7DC9B /* Preview Assets.xcassets */ = {isa = PBXFileReference; lastKnownFileType = folder.assetcatalog; path = "Preview Assets.xcassets"; sourceTree = "<group>"; };
		704840F5262CB6F200A7DC9B /* Info.plist */ = {isa = PBXFileReference; lastKnownFileType = text.plist.xml; path = Info.plist; sourceTree = "<group>"; };
		704840FD262CB9AB00A7DC9B /* hippo.mp4 */ = {isa = PBXFileReference; lastKnownFileType = file; path = hippo.mp4; sourceTree = "<group>"; };
		704840FE262CB9AC00A7DC9B /* elephant.mp4 */ = {isa = PBXFileReference; lastKnownFileType = file; path = elephant.mp4; sourceTree = "<group>"; };
		704840FF262CB9AC00A7DC9B /* rhino.mp4 */ = {isa = PBXFileReference; lastKnownFileType = file; path = rhino.mp4; sourceTree = "<group>"; };
		70484100262CB9AC00A7DC9B /* ostrich.mp4 */ = {isa = PBXFileReference; lastKnownFileType = file; path = ostrich.mp4; sourceTree = "<group>"; };
		70484101262CB9AC00A7DC9B /* giraffe.mp4 */ = {isa = PBXFileReference; lastKnownFileType = file; path = giraffe.mp4; sourceTree = "<group>"; };
		70484102262CB9AD00A7DC9B /* cheetah.mp4 */ = {isa = PBXFileReference; lastKnownFileType = file; path = cheetah.mp4; sourceTree = "<group>"; };
		70484103262CB9AD00A7DC9B /* zebra.mp4 */ = {isa = PBXFileReference; lastKnownFileType = file; path = zebra.mp4; sourceTree = "<group>"; };
		70484104262CB9AD00A7DC9B /* lioness.mp4 */ = {isa = PBXFileReference; lastKnownFileType = file; path = lioness.mp4; sourceTree = "<group>"; };
		70484105262CB9AD00A7DC9B /* lion.mp4 */ = {isa = PBXFileReference; lastKnownFileType = file; path = lion.mp4; sourceTree = "<group>"; };
		70484106262CB9AD00A7DC9B /* gorilla.mp4 */ = {isa = PBXFileReference; lastKnownFileType = file; path = gorilla.mp4; sourceTree = "<group>"; };
		70484113262CBA0600A7DC9B /* videos.json */ = {isa = PBXFileReference; fileEncoding = 4; lastKnownFileType = text.json; path = videos.json; sourceTree = "<group>"; };
		70484114262CBA0600A7DC9B /* locations.json */ = {isa = PBXFileReference; fileEncoding = 4; lastKnownFileType = text.json; path = locations.json; sourceTree = "<group>"; };
		70484115262CBA0600A7DC9B /* covers.json */ = {isa = PBXFileReference; fileEncoding = 4; lastKnownFileType = text.json; path = covers.json; sourceTree = "<group>"; };
		70484116262CBA0600A7DC9B /* animals.json */ = {isa = PBXFileReference; fileEncoding = 4; lastKnownFileType = text.json; path = animals.json; sourceTree = "<group>"; };
		7048411E262CBDBC00A7DC9B /* VideoListView.swift */ = {isa = PBXFileReference; lastKnownFileType = sourcecode.swift; path = VideoListView.swift; sourceTree = "<group>"; };
		70484121262CBDE800A7DC9B /* MapView.swift */ = {isa = PBXFileReference; lastKnownFileType = sourcecode.swift; path = MapView.swift; sourceTree = "<group>"; };
		70484124262CBE0300A7DC9B /* GalleryView.swift */ = {isa = PBXFileReference; lastKnownFileType = sourcecode.swift; path = GalleryView.swift; sourceTree = "<group>"; };
		70484127262CBE2600A7DC9B /* MainView.swift */ = {isa = PBXFileReference; lastKnownFileType = sourcecode.swift; path = MainView.swift; sourceTree = "<group>"; };
		7069D5592631FE3100A29D49 /* CoverImageView.swift */ = {isa = PBXFileReference; lastKnownFileType = sourcecode.swift; path = CoverImageView.swift; sourceTree = "<group>"; };
		7069D55D2632025400A29D49 /* CoverImageModel.swift */ = {isa = PBXFileReference; lastKnownFileType = sourcecode.swift; path = CoverImageModel.swift; sourceTree = "<group>"; };
		7069D5612632187200A29D49 /* CodableBandleExtension.swift */ = {isa = PBXFileReference; lastKnownFileType = sourcecode.swift; path = CodableBandleExtension.swift; sourceTree = "<group>"; };
		7069D5642635B46500A29D49 /* AnimalListItemView.swift */ = {isa = PBXFileReference; lastKnownFileType = sourcecode.swift; path = AnimalListItemView.swift; sourceTree = "<group>"; };
		7069D56B2635B6E800A29D49 /* AnimalModel.swift */ = {isa = PBXFileReference; lastKnownFileType = sourcecode.swift; path = AnimalModel.swift; sourceTree = "<group>"; };
		7069D56E2635F91F00A29D49 /* AnimalDetailView.swift */ = {isa = PBXFileReference; lastKnownFileType = sourcecode.swift; path = AnimalDetailView.swift; sourceTree = "<group>"; };
		7069D5712635FD4300A29D49 /* HeadingView.swift */ = {isa = PBXFileReference; lastKnownFileType = sourcecode.swift; path = HeadingView.swift; sourceTree = "<group>"; };
		7069D5742635FF2600A29D49 /* InsetGalleryView.swift */ = {isa = PBXFileReference; lastKnownFileType = sourcecode.swift; path = InsetGalleryView.swift; sourceTree = "<group>"; };
/* End PBXFileReference section */

/* Begin PBXFrameworksBuildPhase section */
		704840E6262CB6F000A7DC9B /* Frameworks */ = {
			isa = PBXFrameworksBuildPhase;
			buildActionMask = 2147483647;
			files = (
			);
			runOnlyForDeploymentPostprocessing = 0;
		};
/* End PBXFrameworksBuildPhase section */

/* Begin PBXGroup section */
		704840E0262CB6F000A7DC9B = {
			isa = PBXGroup;
			children = (
				704840EB262CB6F000A7DC9B /* Africa */,
				704840EA262CB6F000A7DC9B /* Products */,
			);
			sourceTree = "<group>";
		};
		704840EA262CB6F000A7DC9B /* Products */ = {
			isa = PBXGroup;
			children = (
				704840E9262CB6F000A7DC9B /* Africa.app */,
			);
			name = Products;
			sourceTree = "<group>";
		};
		704840EB262CB6F000A7DC9B /* Africa */ = {
			isa = PBXGroup;
			children = (
				7069D5602632183C00A29D49 /* Extension */,
				7069D55C2632023000A29D49 /* Model */,
				7069D5582631FE0900A29D49 /* View */,
				70484112262CB9F500A7DC9B /* Data */,
				704840FC262CB96E00A7DC9B /* Video */,
				7048411C262CBD4D00A7DC9B /* App */,
				704840F0262CB6F200A7DC9B /* Assets.xcassets */,
				704840F5262CB6F200A7DC9B /* Info.plist */,
				704840F2262CB6F200A7DC9B /* Preview Content */,
			);
			path = Africa;
			sourceTree = "<group>";
		};
		704840F2262CB6F200A7DC9B /* Preview Content */ = {
			isa = PBXGroup;
			children = (
				704840F3262CB6F200A7DC9B /* Preview Assets.xcassets */,
			);
			path = "Preview Content";
			sourceTree = "<group>";
		};
		704840FC262CB96E00A7DC9B /* Video */ = {
			isa = PBXGroup;
			children = (
				70484102262CB9AD00A7DC9B /* cheetah.mp4 */,
				704840FE262CB9AC00A7DC9B /* elephant.mp4 */,
				70484101262CB9AC00A7DC9B /* giraffe.mp4 */,
				70484106262CB9AD00A7DC9B /* gorilla.mp4 */,
				704840FD262CB9AB00A7DC9B /* hippo.mp4 */,
				70484105262CB9AD00A7DC9B /* lion.mp4 */,
				70484104262CB9AD00A7DC9B /* lioness.mp4 */,
				70484100262CB9AC00A7DC9B /* ostrich.mp4 */,
				704840FF262CB9AC00A7DC9B /* rhino.mp4 */,
				70484103262CB9AD00A7DC9B /* zebra.mp4 */,
			);
			path = Video;
			sourceTree = "<group>";
		};
		70484112262CB9F500A7DC9B /* Data */ = {
			isa = PBXGroup;
			children = (
				70484116262CBA0600A7DC9B /* animals.json */,
				70484115262CBA0600A7DC9B /* covers.json */,
				70484114262CBA0600A7DC9B /* locations.json */,
				70484113262CBA0600A7DC9B /* videos.json */,
			);
			path = Data;
			sourceTree = "<group>";
		};
		7048411C262CBD4D00A7DC9B /* App */ = {
			isa = PBXGroup;
			children = (
				704840EC262CB6F000A7DC9B /* AfricaApp.swift */,
				704840EE262CB6F000A7DC9B /* ContentView.swift */,
				7048411E262CBDBC00A7DC9B /* VideoListView.swift */,
				70484121262CBDE800A7DC9B /* MapView.swift */,
				70484124262CBE0300A7DC9B /* GalleryView.swift */,
				70484127262CBE2600A7DC9B /* MainView.swift */,
			);
			path = App;
			sourceTree = "<group>";
		};
		7069D5582631FE0900A29D49 /* View */ = {
			isa = PBXGroup;
			children = (
				7069D5592631FE3100A29D49 /* CoverImageView.swift */,
				7069D5642635B46500A29D49 /* AnimalListItemView.swift */,
				7069D56E2635F91F00A29D49 /* AnimalDetailView.swift */,
				7069D5712635FD4300A29D49 /* HeadingView.swift */,
				7069D5742635FF2600A29D49 /* InsetGalleryView.swift */,
				7043551E2641B48000C5C5D6 /* InsetFactView.swift */,
				704355202641B9BE00C5C5D6 /* InsetMapView.swift */,
				704355222641BF6000C5C5D6 /* ExternalWeblinkView.swift */,
			);
			path = View;
			sourceTree = "<group>";
		};
		7069D55C2632023000A29D49 /* Model */ = {
			isa = PBXGroup;
			children = (
				7069D55D2632025400A29D49 /* CoverImageModel.swift */,
				7069D56B2635B6E800A29D49 /* AnimalModel.swift */,
			);
			path = Model;
			sourceTree = "<group>";
		};
		7069D5602632183C00A29D49 /* Extension */ = {
			isa = PBXGroup;
			children = (
				7069D5612632187200A29D49 /* CodableBandleExtension.swift */,
			);
			path = Extension;
			sourceTree = "<group>";
		};
/* End PBXGroup section */

/* Begin PBXNativeTarget section */
		704840E8262CB6F000A7DC9B /* Africa */ = {
			isa = PBXNativeTarget;
			buildConfigurationList = 704840F8262CB6F200A7DC9B /* Build configuration list for PBXNativeTarget "Africa" */;
			buildPhases = (
				704840E5262CB6F000A7DC9B /* Sources */,
				704840E6262CB6F000A7DC9B /* Frameworks */,
				704840E7262CB6F000A7DC9B /* Resources */,
			);
			buildRules = (
			);
			dependencies = (
			);
			name = Africa;
			productName = Africa;
			productReference = 704840E9262CB6F000A7DC9B /* Africa.app */;
			productType = "com.apple.product-type.application";
		};
/* End PBXNativeTarget section */

/* Begin PBXProject section */
		704840E1262CB6F000A7DC9B /* Project object */ = {
			isa = PBXProject;
			attributes = {
				LastSwiftUpdateCheck = 1240;
				LastUpgradeCheck = 1240;
				TargetAttributes = {
					704840E8262CB6F000A7DC9B = {
						CreatedOnToolsVersion = 12.4;
					};
				};
			};
			buildConfigurationList = 704840E4262CB6F000A7DC9B /* Build configuration list for PBXProject "Africa" */;
			compatibilityVersion = "Xcode 9.3";
			developmentRegion = en;
			hasScannedForEncodings = 0;
			knownRegions = (
				en,
				Base,
			);
			mainGroup = 704840E0262CB6F000A7DC9B;
			productRefGroup = 704840EA262CB6F000A7DC9B /* Products */;
			projectDirPath = "";
			projectRoot = "";
			targets = (
				704840E8262CB6F000A7DC9B /* Africa */,
			);
		};
/* End PBXProject section */

/* Begin PBXResourcesBuildPhase section */
		704840E7262CB6F000A7DC9B /* Resources */ = {
			isa = PBXResourcesBuildPhase;
			buildActionMask = 2147483647;
			files = (
				70484118262CBA0600A7DC9B /* locations.json in Resources */,
				7048410A262CB9AD00A7DC9B /* ostrich.mp4 in Resources */,
				70484108262CB9AD00A7DC9B /* elephant.mp4 in Resources */,
				704840F4262CB6F200A7DC9B /* Preview Assets.xcassets in Resources */,
				70484107262CB9AD00A7DC9B /* hippo.mp4 in Resources */,
				70484117262CBA0600A7DC9B /* videos.json in Resources */,
				70484110262CB9AD00A7DC9B /* gorilla.mp4 in Resources */,
				7048410C262CB9AD00A7DC9B /* cheetah.mp4 in Resources */,
				70484109262CB9AD00A7DC9B /* rhino.mp4 in Resources */,
				7048411A262CBA0600A7DC9B /* animals.json in Resources */,
				7048410B262CB9AD00A7DC9B /* giraffe.mp4 in Resources */,
				70484119262CBA0600A7DC9B /* covers.json in Resources */,
				7048410E262CB9AD00A7DC9B /* lioness.mp4 in Resources */,
				7048410F262CB9AD00A7DC9B /* lion.mp4 in Resources */,
				7048410D262CB9AD00A7DC9B /* zebra.mp4 in Resources */,
				704840F1262CB6F200A7DC9B /* Assets.xcassets in Resources */,
			);
			runOnlyForDeploymentPostprocessing = 0;
		};
/* End PBXResourcesBuildPhase section */

/* Begin PBXSourcesBuildPhase section */
		704840E5262CB6F000A7DC9B /* Sources */ = {
			isa = PBXSourcesBuildPhase;
			buildActionMask = 2147483647;
			files = (
				704355232641BF6000C5C5D6 /* ExternalWeblinkView.swift in Sources */,
				704840EF262CB6F000A7DC9B /* ContentView.swift in Sources */,
				7069D5652635B46500A29D49 /* AnimalListItemView.swift in Sources */,
				70484128262CBE2600A7DC9B /* MainView.swift in Sources */,
				7043551F2641B48000C5C5D6 /* InsetFactView.swift in Sources */,
				7069D55A2631FE3100A29D49 /* CoverImageView.swift in Sources */,
				7069D5622632187200A29D49 /* CodableBandleExtension.swift in Sources */,
				7069D56F2635F91F00A29D49 /* AnimalDetailView.swift in Sources */,
				7069D56C2635B6E800A29D49 /* AnimalModel.swift in Sources */,
				7069D55E2632025400A29D49 /* CoverImageModel.swift in Sources */,
				704355212641B9BE00C5C5D6 /* InsetMapView.swift in Sources */,
				70484122262CBDE800A7DC9B /* MapView.swift in Sources */,
				704840ED262CB6F000A7DC9B /* AfricaApp.swift in Sources */,
				7048411F262CBDBC00A7DC9B /* VideoListView.swift in Sources */,
				7069D5752635FF2600A29D49 /* InsetGalleryView.swift in Sources */,
				70484125262CBE0300A7DC9B /* GalleryView.swift in Sources */,
				7069D5722635FD4300A29D49 /* HeadingView.swift in Sources */,
			);
			runOnlyForDeploymentPostprocessing = 0;
		};
/* End PBXSourcesBuildPhase section */

/* Begin XCBuildConfiguration section */
		704840F6262CB6F200A7DC9B /* Debug */ = {
			isa = XCBuildConfiguration;
			buildSettings = {
				ALWAYS_SEARCH_USER_PATHS = NO;
				CLANG_ANALYZER_NONNULL = YES;
				CLANG_ANALYZER_NUMBER_OBJECT_CONVERSION = YES_AGGRESSIVE;
				CLANG_CXX_LANGUAGE_STANDARD = "gnu++14";
				CLANG_CXX_LIBRARY = "libc++";
				CLANG_ENABLE_MODULES = YES;
				CLANG_ENABLE_OBJC_ARC = YES;
				CLANG_ENABLE_OBJC_WEAK = YES;
				CLANG_WARN_BLOCK_CAPTURE_AUTORELEASING = YES;
				CLANG_WARN_BOOL_CONVERSION = YES;
				CLANG_WARN_COMMA = YES;
				CLANG_WARN_CONSTANT_CONVERSION = YES;
				CLANG_WARN_DEPRECATED_OBJC_IMPLEMENTATIONS = YES;
				CLANG_WARN_DIRECT_OBJC_ISA_USAGE = YES_ERROR;
				CLANG_WARN_DOCUMENTATION_COMMENTS = YES;
				CLANG_WARN_EMPTY_BODY = YES;
				CLANG_WARN_ENUM_CONVERSION = YES;
				CLANG_WARN_INFINITE_RECURSION = YES;
				CLANG_WARN_INT_CONVERSION = YES;
				CLANG_WARN_NON_LITERAL_NULL_CONVERSION = YES;
				CLANG_WARN_OBJC_IMPLICIT_RETAIN_SELF = YES;
				CLANG_WARN_OBJC_LITERAL_CONVERSION = YES;
				CLANG_WARN_OBJC_ROOT_CLASS = YES_ERROR;
				CLANG_WARN_QUOTED_INCLUDE_IN_FRAMEWORK_HEADER = YES;
				CLANG_WARN_RANGE_LOOP_ANALYSIS = YES;
				CLANG_WARN_STRICT_PROTOTYPES = YES;
				CLANG_WARN_SUSPICIOUS_MOVE = YES;
				CLANG_WARN_UNGUARDED_AVAILABILITY = YES_AGGRESSIVE;
				CLANG_WARN_UNREACHABLE_CODE = YES;
				CLANG_WARN__DUPLICATE_METHOD_MATCH = YES;
				COPY_PHASE_STRIP = NO;
				DEBUG_INFORMATION_FORMAT = dwarf;
				ENABLE_STRICT_OBJC_MSGSEND = YES;
				ENABLE_TESTABILITY = YES;
				GCC_C_LANGUAGE_STANDARD = gnu11;
				GCC_DYNAMIC_NO_PIC = NO;
				GCC_NO_COMMON_BLOCKS = YES;
				GCC_OPTIMIZATION_LEVEL = 0;
				GCC_PREPROCESSOR_DEFINITIONS = (
					"DEBUG=1",
					"$(inherited)",
				);
				GCC_WARN_64_TO_32_BIT_CONVERSION = YES;
				GCC_WARN_ABOUT_RETURN_TYPE = YES_ERROR;
				GCC_WARN_UNDECLARED_SELECTOR = YES;
				GCC_WARN_UNINITIALIZED_AUTOS = YES_AGGRESSIVE;
				GCC_WARN_UNUSED_FUNCTION = YES;
				GCC_WARN_UNUSED_VARIABLE = YES;
				IPHONEOS_DEPLOYMENT_TARGET = 14.4;
				MTL_ENABLE_DEBUG_INFO = INCLUDE_SOURCE;
				MTL_FAST_MATH = YES;
				ONLY_ACTIVE_ARCH = YES;
				SDKROOT = iphoneos;
				SWIFT_ACTIVE_COMPILATION_CONDITIONS = DEBUG;
				SWIFT_OPTIMIZATION_LEVEL = "-Onone";
			};
			name = Debug;
		};
		704840F7262CB6F200A7DC9B /* Release */ = {
			isa = XCBuildConfiguration;
			buildSettings = {
				ALWAYS_SEARCH_USER_PATHS = NO;
				CLANG_ANALYZER_NONNULL = YES;
				CLANG_ANALYZER_NUMBER_OBJECT_CONVERSION = YES_AGGRESSIVE;
				CLANG_CXX_LANGUAGE_STANDARD = "gnu++14";
				CLANG_CXX_LIBRARY = "libc++";
				CLANG_ENABLE_MODULES = YES;
				CLANG_ENABLE_OBJC_ARC = YES;
				CLANG_ENABLE_OBJC_WEAK = YES;
				CLANG_WARN_BLOCK_CAPTURE_AUTORELEASING = YES;
				CLANG_WARN_BOOL_CONVERSION = YES;
				CLANG_WARN_COMMA = YES;
				CLANG_WARN_CONSTANT_CONVERSION = YES;
				CLANG_WARN_DEPRECATED_OBJC_IMPLEMENTATIONS = YES;
				CLANG_WARN_DIRECT_OBJC_ISA_USAGE = YES_ERROR;
				CLANG_WARN_DOCUMENTATION_COMMENTS = YES;
				CLANG_WARN_EMPTY_BODY = YES;
				CLANG_WARN_ENUM_CONVERSION = YES;
				CLANG_WARN_INFINITE_RECURSION = YES;
				CLANG_WARN_INT_CONVERSION = YES;
				CLANG_WARN_NON_LITERAL_NULL_CONVERSION = YES;
				CLANG_WARN_OBJC_IMPLICIT_RETAIN_SELF = YES;
				CLANG_WARN_OBJC_LITERAL_CONVERSION = YES;
				CLANG_WARN_OBJC_ROOT_CLASS = YES_ERROR;
				CLANG_WARN_QUOTED_INCLUDE_IN_FRAMEWORK_HEADER = YES;
				CLANG_WARN_RANGE_LOOP_ANALYSIS = YES;
				CLANG_WARN_STRICT_PROTOTYPES = YES;
				CLANG_WARN_SUSPICIOUS_MOVE = YES;
				CLANG_WARN_UNGUARDED_AVAILABILITY = YES_AGGRESSIVE;
				CLANG_WARN_UNREACHABLE_CODE = YES;
				CLANG_WARN__DUPLICATE_METHOD_MATCH = YES;
				COPY_PHASE_STRIP = NO;
				DEBUG_INFORMATION_FORMAT = "dwarf-with-dsym";
				ENABLE_NS_ASSERTIONS = NO;
				ENABLE_STRICT_OBJC_MSGSEND = YES;
				GCC_C_LANGUAGE_STANDARD = gnu11;
				GCC_NO_COMMON_BLOCKS = YES;
				GCC_WARN_64_TO_32_BIT_CONVERSION = YES;
				GCC_WARN_ABOUT_RETURN_TYPE = YES_ERROR;
				GCC_WARN_UNDECLARED_SELECTOR = YES;
				GCC_WARN_UNINITIALIZED_AUTOS = YES_AGGRESSIVE;
				GCC_WARN_UNUSED_FUNCTION = YES;
				GCC_WARN_UNUSED_VARIABLE = YES;
				IPHONEOS_DEPLOYMENT_TARGET = 14.4;
				MTL_ENABLE_DEBUG_INFO = NO;
				MTL_FAST_MATH = YES;
				SDKROOT = iphoneos;
				SWIFT_COMPILATION_MODE = wholemodule;
				SWIFT_OPTIMIZATION_LEVEL = "-O";
				VALIDATE_PRODUCT = YES;
			};
			name = Release;
		};
		704840F9262CB6F200A7DC9B /* Debug */ = {
			isa = XCBuildConfiguration;
			buildSettings = {
				ASSETCATALOG_COMPILER_APPICON_NAME = AppIcon;
				ASSETCATALOG_COMPILER_GLOBAL_ACCENT_COLOR_NAME = AccentColor;
				CODE_SIGN_STYLE = Automatic;
				DEVELOPMENT_ASSET_PATHS = "\"Africa/Preview Content\"";
				DEVELOPMENT_TEAM = SDUL83288N;
				ENABLE_PREVIEWS = YES;
				INFOPLIST_FILE = Africa/Info.plist;
				IPHONEOS_DEPLOYMENT_TARGET = 14.0;
				LD_RUNPATH_SEARCH_PATHS = (
					"$(inherited)",
					"@executable_path/Frameworks",
				);
				PRODUCT_BUNDLE_IDENTIFIER = com.devdata.Africa;
				PRODUCT_NAME = "$(TARGET_NAME)";
				SWIFT_VERSION = 5.0;
				TARGETED_DEVICE_FAMILY = "1,2";
			};
			name = Debug;
		};
		704840FA262CB6F200A7DC9B /* Release */ = {
			isa = XCBuildConfiguration;
			buildSettings = {
				ASSETCATALOG_COMPILER_APPICON_NAME = AppIcon;
				ASSETCATALOG_COMPILER_GLOBAL_ACCENT_COLOR_NAME = AccentColor;
				CODE_SIGN_STYLE = Automatic;
				DEVELOPMENT_ASSET_PATHS = "\"Africa/Preview Content\"";
				DEVELOPMENT_TEAM = SDUL83288N;
				ENABLE_PREVIEWS = YES;
				INFOPLIST_FILE = Africa/Info.plist;
				IPHONEOS_DEPLOYMENT_TARGET = 14.0;
				LD_RUNPATH_SEARCH_PATHS = (
					"$(inherited)",
					"@executable_path/Frameworks",
				);
				PRODUCT_BUNDLE_IDENTIFIER = com.devdata.Africa;
				PRODUCT_NAME = "$(TARGET_NAME)";
				SWIFT_VERSION = 5.0;
				TARGETED_DEVICE_FAMILY = "1,2";
			};
			name = Release;
		};
/* End XCBuildConfiguration section */

/* Begin XCConfigurationList section */
		704840E4262CB6F000A7DC9B /* Build configuration list for PBXProject "Africa" */ = {
			isa = XCConfigurationList;
			buildConfigurations = (
				704840F6262CB6F200A7DC9B /* Debug */,
				704840F7262CB6F200A7DC9B /* Release */,
			);
			defaultConfigurationIsVisible = 0;
			defaultConfigurationName = Release;
		};
		704840F8262CB6F200A7DC9B /* Build configuration list for PBXNativeTarget "Africa" */ = {
			isa = XCConfigurationList;
			buildConfigurations = (
				704840F9262CB6F200A7DC9B /* Debug */,
				704840FA262CB6F200A7DC9B /* Release */,
			);
			defaultConfigurationIsVisible = 0;
			defaultConfigurationName = Release;
		};
/* End XCConfigurationList section */
	};
	rootObject = 704840E1262CB6F000A7DC9B /* Project object */;
}
